<Solution>
  <Folder Name="/Api/">
    <Project Path="TechA.Api/TechA.Api.csproj" />
  </Folder>
  <Folder Name="/Business Layer/">
    <Project Path="TechA.Service/TechA.Service.csproj" Id="52cceec4-e09d-406c-8212-de9552214794" />
  </Folder>
  <Folder Name="/Common/">
    <Project Path="TechA.Core/TechA.Core.csproj" Id="e46f71b4-9602-46f3-9f94-929081478781" />
    <Project Path="TechA.DependencyInjection/TechA.DependencyInjection.csproj" />
  </Folder>
  <Folder Name="/Data Access Layer/">
    <Project Path="TechA.Repository/TechA.Repository.csproj" Id="02dbeefa-886b-4560-87a4-d1e8327acd2f" />
  </Folder>
</Solution>
